# THIS IS AN AUTOGENERATED FILE. DO NOT EDIT THIS FILE DIRECTLY.
# yarn lockfile v1


"@firebase/analytics-types@0.3.0":
  version "0.3.0"
  resolved "https://registry.npm.taobao.org/@firebase/analytics-types/download/@firebase/analytics-types-0.3.0.tgz?cache=0&sync_timestamp=1586478426724&other_urls=https%3A%2F%2Fregistry.npm.taobao.org%2F%40firebase%2Fanalytics-types%2Fdownload%2F%40firebase%2Fanalytics-types-0.3.0.tgz#33c3f695313b561d48d18d663a20f20362d3ee7c"
  integrity sha1-M8P2lTE7Vh1I0Y1mOiDyA2LT7nw=

"@firebase/analytics@0.3.2":
  version "0.3.2"
  resolved "https://registry.npm.taobao.org/@firebase/analytics/download/@firebase/analytics-0.3.2.tgz?cache=0&sync_timestamp=1586478427296&other_urls=https%3A%2F%2Fregistry.npm.taobao.org%2F%40firebase%2Fanalytics%2Fdownload%2F%40firebase%2Fanalytics-0.3.2.tgz#af4118d6d8d022ef30b9ce6f8467561badec5c5f"
  integrity sha1-r0EY1tjQIu8wuc5vhGdWG63sXF8=
  dependencies:
    "@firebase/analytics-types" "0.3.0"
    "@firebase/component" "0.1.9"
    "@firebase/installations" "0.4.7"
    "@firebase/logger" "0.2.1"
    "@firebase/util" "0.2.44"
    tslib "1.11.1"

"@firebase/app-types@0.6.0":
  version "0.6.0"
  resolved "https://registry.npm.taobao.org/@firebase/app-types/download/@firebase/app-types-0.6.0.tgz#8dcc3e793c6983e9d54f7eb623a7618c05f2d94c"
  integrity sha1-jcw+eTxpg+nVT362I6dhjAXy2Uw=

"@firebase/app@0.6.1":
  version "0.6.1"
  resolved "https://registry.npm.taobao.org/@firebase/app/download/@firebase/app-0.6.1.tgz#ce7d2bb530e1fd0cb2fb74c85509249c783647fe"
  integrity sha1-zn0rtTDh/Qyy+3TIVQkknHg2R/4=
  dependencies:
    "@firebase/app-types" "0.6.0"
    "@firebase/component" "0.1.9"
    "@firebase/logger" "0.2.1"
    "@firebase/util" "0.2.44"
    dom-storage "2.1.0"
    tslib "1.11.1"
    xmlhttprequest "1.8.0"

"@firebase/auth-interop-types@0.1.4":
  version "0.1.4"
  resolved "https://registry.npm.taobao.org/@firebase/auth-interop-types/download/@firebase/auth-interop-types-0.1.4.tgz#e81589f58508630a5bffa604d7c949a0d01ea97b"
  integrity sha1-6BWJ9YUIYwpb/6YE18lJoNAeqXs=

"@firebase/auth-types@0.10.0":
  version "0.10.0"
  resolved "https://registry.npm.taobao.org/@firebase/auth-types/download/@firebase/auth-types-0.10.0.tgz#9403633e723336055fad4bbf5e4c9fe3c55f8d3f"
  integrity sha1-lANjPnIzNgVfrUu/Xkyf48VfjT8=

"@firebase/auth@0.14.2":
  version "0.14.2"
  resolved "https://registry.npm.taobao.org/@firebase/auth/download/@firebase/auth-0.14.2.tgz#2f5356cd7893ebd26ea6c4a0933eae6f6e0a0aff"
  integrity sha1-L1NWzXiT69JupsSgkz6ub24KCv8=
  dependencies:
    "@firebase/auth-types" "0.10.0"

"@firebase/component@0.1.9":
  version "0.1.9"
  resolved "https://registry.npm.taobao.org/@firebase/component/download/@firebase/component-0.1.9.tgz#738d1a4c79431a1e899df5de7b310eee370d34ed"
  integrity sha1-c40aTHlDGh6JnfXeezEO7jcNNO0=
  dependencies:
    "@firebase/util" "0.2.44"
    tslib "1.11.1"

"@firebase/database-types@0.5.0":
  version "0.5.0"
  resolved "https://registry.npm.taobao.org/@firebase/database-types/download/@firebase/database-types-0.5.0.tgz#603a0865c3180a9ffb6f5fa065d156387385a74d"
  integrity sha1-YDoIZcMYCp/7b1+gZdFWOHOFp00=
  dependencies:
    "@firebase/app-types" "0.6.0"

"@firebase/database@0.6.0":
  version "0.6.0"
  resolved "https://registry.npm.taobao.org/@firebase/database/download/@firebase/database-0.6.0.tgz#48b2d8624da64bd3352290a9c13b478d871d4768"
  integrity sha1-SLLYYk2mS9M1IpCpwTtHjYcdR2g=
  dependencies:
    "@firebase/auth-interop-types" "0.1.4"
    "@firebase/component" "0.1.9"
    "@firebase/database-types" "0.5.0"
    "@firebase/logger" "0.2.1"
    "@firebase/util" "0.2.44"
    faye-websocket "0.11.3"
    tslib "1.11.1"

"@firebase/firestore-types@1.10.1":
  version "1.10.1"
  resolved "https://registry.npm.taobao.org/@firebase/firestore-types/download/@firebase/firestore-types-1.10.1.tgz#bf018f9c495f470592de745389474dc1c2960d3f"
  integrity sha1-vwGPnElfRwWS3nRTiUdNwcKWDT8=

"@firebase/firestore@1.14.0":
  version "1.14.0"
  resolved "https://registry.npm.taobao.org/@firebase/firestore/download/@firebase/firestore-1.14.0.tgz#28d81327fe22dc88ed127962c1f5d622cc0cdf8a"
  integrity sha1-KNgTJ/4i3IjtEnliwfXWIswM34o=
  dependencies:
    "@firebase/component" "0.1.9"
    "@firebase/firestore-types" "1.10.1"
    "@firebase/logger" "0.2.1"
    "@firebase/util" "0.2.44"
    "@firebase/webchannel-wrapper" "0.2.38"
    "@grpc/grpc-js" "0.7.5"
    "@grpc/proto-loader" "^0.5.0"
    tslib "1.11.1"

"@firebase/functions-types@0.3.16":
  version "0.3.16"
  resolved "https://registry.npm.taobao.org/@firebase/functions-types/download/@firebase/functions-types-0.3.16.tgz#be0362d7f61648fdf36a7d95de239eddee88f931"
  integrity sha1-vgNi1/YWSP3zan2V3iOe3e6I+TE=

"@firebase/functions@0.4.40":
  version "0.4.40"
  resolved "https://registry.npm.taobao.org/@firebase/functions/download/@firebase/functions-0.4.40.tgz?cache=0&other_urls=https%3A%2F%2Fregistry.npm.taobao.org%2F%40firebase%2Ffunctions%2Fdownload%2F%40firebase%2Ffunctions-0.4.40.tgz#1879af4e3009fd42d5e8d8274ca1e13451a42726"
  integrity sha1-GHmvTjAJ/ULV6NgnTKHhNFGkJyY=
  dependencies:
    "@firebase/component" "0.1.9"
    "@firebase/functions-types" "0.3.16"
    "@firebase/messaging-types" "0.4.4"
    isomorphic-fetch "2.2.1"
    tslib "1.11.1"

"@firebase/installations-types@0.3.3":
  version "0.3.3"
  resolved "https://registry.npm.taobao.org/@firebase/installations-types/download/@firebase/installations-types-0.3.3.tgz#f2e49e73afaeb7b352250365d0d90dff0b792592"
  integrity sha1-8uSec6+ut7NSJQNl0NkN/wt5JZI=

"@firebase/installations@0.4.7":
  version "0.4.7"
  resolved "https://registry.npm.taobao.org/@firebase/installations/download/@firebase/installations-0.4.7.tgz?cache=0&other_urls=https%3A%2F%2Fregistry.npm.taobao.org%2F%40firebase%2Finstallations%2Fdownload%2F%40firebase%2Finstallations-0.4.7.tgz#143d1bfb20fbcd00e826e7afe283527c329e3c25"
  integrity sha1-FD0b+yD7zQDoJuev4oNSfDKePCU=
  dependencies:
    "@firebase/component" "0.1.9"
    "@firebase/installations-types" "0.3.3"
    "@firebase/util" "0.2.44"
    idb "3.0.2"
    tslib "1.11.1"

"@firebase/logger@0.2.1":
  version "0.2.1"
  resolved "https://registry.npm.taobao.org/@firebase/logger/download/@firebase/logger-0.2.1.tgz#09cdc5d3fe8ba4ed9bf8d6e6ab2a3b5398bd80bb"
  integrity sha1-Cc3F0/6LpO2b+Nbmqyo7U5i9gLs=

"@firebase/messaging-types@0.4.4":
  version "0.4.4"
  resolved "https://registry.npm.taobao.org/@firebase/messaging-types/download/@firebase/messaging-types-0.4.4.tgz#bef66157bdd3ddaafd6d48f1c5ee973fdc385f84"
  integrity sha1-vvZhV73T3ar9bUjxxe6XP9w4X4Q=

"@firebase/messaging@0.6.12":
  version "0.6.12"
  resolved "https://registry.npm.taobao.org/@firebase/messaging/download/@firebase/messaging-0.6.12.tgz?cache=0&other_urls=https%3A%2F%2Fregistry.npm.taobao.org%2F%40firebase%2Fmessaging%2Fdownload%2F%40firebase%2Fmessaging-0.6.12.tgz#db7ccd4b390a3614c7659338750d943ec76711fc"
  integrity sha1-23zNSzkKNhTHZZM4dQ2UPsdnEfw=
  dependencies:
    "@firebase/component" "0.1.9"
    "@firebase/installations" "0.4.7"
    "@firebase/messaging-types" "0.4.4"
    "@firebase/util" "0.2.44"
    idb "3.0.2"
    tslib "1.11.1"

"@firebase/performance-types@0.0.12":
  version "0.0.12"
  resolved "https://registry.npm.taobao.org/@firebase/performance-types/download/@firebase/performance-types-0.0.12.tgz?cache=0&other_urls=https%3A%2F%2Fregistry.npm.taobao.org%2F%40firebase%2Fperformance-types%2Fdownload%2F%40firebase%2Fperformance-types-0.0.12.tgz#15fa79e296b502e21054a66c9e7ded59398fd8a7"
  integrity sha1-Ffp54pa1AuIQVKZsnn3tWTmP2Kc=

"@firebase/performance@0.3.0":
  version "0.3.0"
  resolved "https://registry.npm.taobao.org/@firebase/performance/download/@firebase/performance-0.3.0.tgz?cache=0&sync_timestamp=1586478424185&other_urls=https%3A%2F%2Fregistry.npm.taobao.org%2F%40firebase%2Fperformance%2Fdownload%2F%40firebase%2Fperformance-0.3.0.tgz#1393df5c3257c0be188b06e323c4bff6cdd4441c"
  integrity sha1-E5PfXDJXwL4YiwbjI8S/9s3URBw=
  dependencies:
    "@firebase/component" "0.1.9"
    "@firebase/installations" "0.4.7"
    "@firebase/logger" "0.2.1"
    "@firebase/performance-types" "0.0.12"
    "@firebase/util" "0.2.44"
    tslib "1.11.1"

"@firebase/polyfill@0.3.33":
  version "0.3.33"
  resolved "https://registry.npm.taobao.org/@firebase/polyfill/download/@firebase/polyfill-0.3.33.tgz?cache=0&other_urls=https%3A%2F%2Fregistry.npm.taobao.org%2F%40firebase%2Fpolyfill%2Fdownload%2F%40firebase%2Fpolyfill-0.3.33.tgz#93974c68ca092a9210f02b803f5e285e86b547ee"
  integrity sha1-k5dMaMoJKpIQ8CuAP14oXoa1R+4=
  dependencies:
    core-js "3.6.4"
    promise-polyfill "8.1.3"
    whatwg-fetch "2.0.4"

"@firebase/remote-config-types@0.1.8":
  version "0.1.8"
  resolved "https://registry.npm.taobao.org/@firebase/remote-config-types/download/@firebase/remote-config-types-0.1.8.tgz?cache=0&other_urls=https%3A%2F%2Fregistry.npm.taobao.org%2F%40firebase%2Fremote-config-types%2Fdownload%2F%40firebase%2Fremote-config-types-0.1.8.tgz#0c8d8a839621230053ba55704b5d1145bfe54daa"
  integrity sha1-DI2Kg5YhIwBTulVwS10RRb/lTao=

"@firebase/remote-config@0.1.18":
  version "0.1.18"
  resolved "https://registry.npm.taobao.org/@firebase/remote-config/download/@firebase/remote-config-0.1.18.tgz?cache=0&sync_timestamp=1586478426246&other_urls=https%3A%2F%2Fregistry.npm.taobao.org%2F%40firebase%2Fremote-config%2Fdownload%2F%40firebase%2Fremote-config-0.1.18.tgz#2fb1f7b7f95b263824f5818470c27fb9854d4ac8"
  integrity sha1-L7H3t/lbJjgk9YGEcMJ/uYVNSsg=
  dependencies:
    "@firebase/component" "0.1.9"
    "@firebase/installations" "0.4.7"
    "@firebase/logger" "0.2.1"
    "@firebase/remote-config-types" "0.1.8"
    "@firebase/util" "0.2.44"
    tslib "1.11.1"

"@firebase/storage-types@0.3.11":
  version "0.3.11"
  resolved "https://registry.npm.taobao.org/@firebase/storage-types/download/@firebase/storage-types-0.3.11.tgz?cache=0&other_urls=https%3A%2F%2Fregistry.npm.taobao.org%2F%40firebase%2Fstorage-types%2Fdownload%2F%40firebase%2Fstorage-types-0.3.11.tgz#98f6ced5460502ab12778ce71d4dc9bf0ab7f2ee"
  integrity sha1-mPbO1UYFAqsSd4znHU3Jvwq38u4=

"@firebase/storage@0.3.31":
  version "0.3.31"
  resolved "https://registry.npm.taobao.org/@firebase/storage/download/@firebase/storage-0.3.31.tgz?cache=0&other_urls=https%3A%2F%2Fregistry.npm.taobao.org%2F%40firebase%2Fstorage%2Fdownload%2F%40firebase%2Fstorage-0.3.31.tgz#399d8aab883be28ac73c792e6c34b44ba8ee498b"
  integrity sha1-OZ2Kq4g74orHPHkubDS0S6juSYs=
  dependencies:
    "@firebase/component" "0.1.9"
    "@firebase/storage-types" "0.3.11"
    "@firebase/util" "0.2.44"
    tslib "1.11.1"

"@firebase/util@0.2.44":
  version "0.2.44"
  resolved "https://registry.npm.taobao.org/@firebase/util/download/@firebase/util-0.2.44.tgz#bdf031f2714761ed6062ba2c32edca9113a339af"
  integrity sha1-vfAx8nFHYe1gYrosMu3KkROjOa8=
  dependencies:
    tslib "1.11.1"

"@firebase/webchannel-wrapper@0.2.38":
  version "0.2.38"
  resolved "https://registry.npm.taobao.org/@firebase/webchannel-wrapper/download/@firebase/webchannel-wrapper-0.2.38.tgz#1f0602cd73f7402ffc4d6116c811dfbb652caa73"
  integrity sha1-HwYCzXP3QC/8TWEWyBHfu2UsqnM=

"@grpc/grpc-js@0.7.5":
  version "0.7.5"
  resolved "https://registry.npm.taobao.org/@grpc/grpc-js/download/@grpc/grpc-js-0.7.5.tgz#17bc4565fa753e737b3e172aa93b93b865c69c96"
  integrity sha1-F7xFZfp1PnN7PhcqqTuTuGXGnJY=
  dependencies:
    semver "^6.2.0"

"@grpc/proto-loader@^0.5.0":
  version "0.5.4"
  resolved "https://registry.npm.taobao.org/@grpc/proto-loader/download/@grpc/proto-loader-0.5.4.tgz#038a3820540f621eeb1b05d81fbedfb045e14de0"
  integrity sha1-A4o4IFQPYh7rGwXYH77fsEXhTeA=
  dependencies:
    lodash.camelcase "^4.3.0"
    protobufjs "^6.8.6"

"@protobufjs/aspromise@^1.1.1", "@protobufjs/aspromise@^1.1.2":
  version "1.1.2"
  resolved "https://registry.npm.taobao.org/@protobufjs/aspromise/download/@protobufjs/aspromise-1.1.2.tgz#9b8b0cc663d669a7d8f6f5d0893a14d348f30fbf"
  integrity sha1-m4sMxmPWaafY9vXQiToU00jzD78=

"@protobufjs/base64@^1.1.2":
  version "1.1.2"
  resolved "https://registry.npm.taobao.org/@protobufjs/base64/download/@protobufjs/base64-1.1.2.tgz#4c85730e59b9a1f1f349047dbf24296034bb2735"
  integrity sha1-TIVzDlm5ofHzSQR9vyQpYDS7JzU=

"@protobufjs/codegen@^2.0.4":
  version "2.0.4"
  resolved "https://registry.npm.taobao.org/@protobufjs/codegen/download/@protobufjs/codegen-2.0.4.tgz#7ef37f0d010fb028ad1ad59722e506d9262815cb"
  integrity sha1-fvN/DQEPsCitGtWXIuUG2SYoFcs=

"@protobufjs/eventemitter@^1.1.0":
  version "1.1.0"
  resolved "https://registry.npm.taobao.org/@protobufjs/eventemitter/download/@protobufjs/eventemitter-1.1.0.tgz#355cbc98bafad5978f9ed095f397621f1d066b70"
  integrity sha1-NVy8mLr61ZePntCV85diHx0Ga3A=

"@protobufjs/fetch@^1.1.0":
  version "1.1.0"
  resolved "https://registry.npm.taobao.org/@protobufjs/fetch/download/@protobufjs/fetch-1.1.0.tgz#ba99fb598614af65700c1619ff06d454b0d84c45"
  integrity sha1-upn7WYYUr2VwDBYZ/wbUVLDYTEU=
  dependencies:
    "@protobufjs/aspromise" "^1.1.1"
    "@protobufjs/inquire" "^1.1.0"

"@protobufjs/float@^1.0.2":
  version "1.0.2"
  resolved "https://registry.npm.taobao.org/@protobufjs/float/download/@protobufjs/float-1.0.2.tgz#5e9e1abdcb73fc0a7cb8b291df78c8cbd97b87d1"
  integrity sha1-Xp4avctz/Ap8uLKR33jIy9l7h9E=

"@protobufjs/inquire@^1.1.0":
  version "1.1.0"
  resolved "https://registry.npm.taobao.org/@protobufjs/inquire/download/@protobufjs/inquire-1.1.0.tgz#ff200e3e7cf2429e2dcafc1140828e8cc638f089"
  integrity sha1-/yAOPnzyQp4tyvwRQIKOjMY48Ik=

"@protobufjs/path@^1.1.2":
  version "1.1.2"
  resolved "https://registry.npm.taobao.org/@protobufjs/path/download/@protobufjs/path-1.1.2.tgz#6cc2b20c5c9ad6ad0dccfd21ca7673d8d7fbf68d"
  integrity sha1-bMKyDFya1q0NzP0hynZz2Nf79o0=

"@protobufjs/pool@^1.1.0":
  version "1.1.0"
  resolved "https://registry.npm.taobao.org/@protobufjs/pool/download/@protobufjs/pool-1.1.0.tgz#09fd15f2d6d3abfa9b65bc366506d6ad7846ff54"
  integrity sha1-Cf0V8tbTq/qbZbw2ZQbWrXhG/1Q=

"@protobufjs/utf8@^1.1.0":
  version "1.1.0"
  resolved "https://registry.npm.taobao.org/@protobufjs/utf8/download/@protobufjs/utf8-1.1.0.tgz#a777360b5b39a1a2e5106f8e858f2fd2d060c570"
  integrity sha1-p3c2C1s5oaLlEG+OhY8v0tBgxXA=

"@types/long@^4.0.0":
  version "4.0.1"
  resolved "https://registry.npm.taobao.org/@types/long/download/@types/long-4.0.1.tgz#459c65fa1867dafe6a8f322c4c51695663cc55e9"
  integrity sha1-RZxl+hhn2v5qjzIsTFFpVmPMVek=

"@types/node@^10.1.0":
  version "10.17.19"
  resolved "https://registry.npm.taobao.org/@types/node/download/@types/node-10.17.19.tgz?cache=0&sync_timestamp=1586372856230&other_urls=https%3A%2F%2Fregistry.npm.taobao.org%2F%40types%2Fnode%2Fdownload%2F%40types%2Fnode-10.17.19.tgz#1d31ddd5503dba2af7a901aafef3392e4955620e"
  integrity sha1-HTHd1VA9uir3qQGq/vM5LklVYg4=

axios@^0.19.2:
  version "0.19.2"
  resolved "https://registry.npm.taobao.org/axios/download/axios-0.19.2.tgz#3ea36c5d8818d0d5f8a8a97a6d36b86cdc00cb27"
  integrity sha1-PqNsXYgY0NX4qKl6bTa4bNwAyyc=
  dependencies:
    follow-redirects "1.5.10"

core-js@3.6.4:
  version "3.6.4"
  resolved "https://registry.npm.taobao.org/core-js/download/core-js-3.6.4.tgz?cache=0&sync_timestamp=1586450387231&other_urls=https%3A%2F%2Fregistry.npm.taobao.org%2Fcore-js%2Fdownload%2Fcore-js-3.6.4.tgz#440a83536b458114b9cb2ac1580ba377dc470647"
  integrity sha1-RAqDU2tFgRS5yyrBWAujd9xHBkc=

debug@=3.1.0:
  version "3.1.0"
  resolved "https://registry.npm.taobao.org/debug/download/debug-3.1.0.tgz#5bb5a0672628b64149566ba16819e61518c67261"
  integrity sha1-W7WgZyYotkFJVmuhaBnmFRjGcmE=
  dependencies:
    ms "2.0.0"

dom-storage@2.1.0:
  version "2.1.0"
  resolved "https://registry.npm.taobao.org/dom-storage/download/dom-storage-2.1.0.tgz#00fb868bc9201357ea243c7bcfd3304c1e34ea39"
  integrity sha1-APuGi8kgE1fqJDx7z9MwTB406jk=

encoding@^0.1.11:
  version "0.1.12"
  resolved "https://registry.npm.taobao.org/encoding/download/encoding-0.1.12.tgz#538b66f3ee62cd1ab51ec323829d1f9480c74beb"
  integrity sha1-U4tm8+5izRq1HsMjgp0flIDHS+s=
  dependencies:
    iconv-lite "~0.4.13"

es6-promise@^4.2.8:
  version "4.2.8"
  resolved "https://registry.npm.taobao.org/es6-promise/download/es6-promise-4.2.8.tgz#4eb21594c972bc40553d276e510539143db53e0a"
  integrity sha1-TrIVlMlyvEBVPSduUQU5FD21Pgo=

faye-websocket@0.11.3:
  version "0.11.3"
  resolved "https://registry.npm.taobao.org/faye-websocket/download/faye-websocket-0.11.3.tgz#5c0e9a8968e8912c286639fde977a8b209f2508e"
  integrity sha1-XA6aiWjokSwoZjn96XeosgnyUI4=
  dependencies:
    websocket-driver ">=0.5.1"

firebase@^7.14.0:
  version "7.14.0"
  resolved "https://registry.npm.taobao.org/firebase/download/firebase-7.14.0.tgz?cache=0&sync_timestamp=1586478430244&other_urls=https%3A%2F%2Fregistry.npm.taobao.org%2Ffirebase%2Fdownload%2Ffirebase-7.14.0.tgz#8a6adfa2fa3200c128bb45e3da029b52917154c8"
  integrity sha1-imrfovoyAMEou0Xj2gKbUpFxVMg=
  dependencies:
    "@firebase/analytics" "0.3.2"
    "@firebase/app" "0.6.1"
    "@firebase/app-types" "0.6.0"
    "@firebase/auth" "0.14.2"
    "@firebase/database" "0.6.0"
    "@firebase/firestore" "1.14.0"
    "@firebase/functions" "0.4.40"
    "@firebase/installations" "0.4.7"
    "@firebase/messaging" "0.6.12"
    "@firebase/performance" "0.3.0"
    "@firebase/polyfill" "0.3.33"
    "@firebase/remote-config" "0.1.18"
    "@firebase/storage" "0.3.31"
    "@firebase/util" "0.2.44"

follow-redirects@1.5.10:
  version "1.5.10"
  resolved "https://registry.npm.taobao.org/follow-redirects/download/follow-redirects-1.5.10.tgz#7b7a9f9aea2fdff36786a94ff643ed07f4ff5e2a"
  integrity sha1-e3qfmuov3/NnhqlP9kPtB/T/Xio=
  dependencies:
    debug "=3.1.0"

"http-parser-js@>=0.4.0 <0.4.11":
  version "0.4.10"
  resolved "https://registry.npm.taobao.org/http-parser-js/download/http-parser-js-0.4.10.tgz#92c9c1374c35085f75db359ec56cc257cbb93fa4"
  integrity sha1-ksnBN0w1CF912zWexWzCV8u5P6Q=

iconv-lite@~0.4.13:
  version "0.4.24"
  resolved "https://registry.npm.taobao.org/iconv-lite/download/iconv-lite-0.4.24.tgz#2022b4b25fbddc21d2f524974a474aafe733908b"
  integrity sha1-ICK0sl+93CHS9SSXSkdKr+czkIs=
  dependencies:
    safer-buffer ">= 2.1.2 < 3"

idb@3.0.2:
  version "3.0.2"
  resolved "https://registry.npm.taobao.org/idb/download/idb-3.0.2.tgz#c8e9122d5ddd40f13b60ae665e4862f8b13fa384"
  integrity sha1-yOkSLV3dQPE7YK5mXkhi+LE/o4Q=

is-stream@^1.0.1:
  version "1.1.0"
  resolved "https://registry.npm.taobao.org/is-stream/download/is-stream-1.1.0.tgz#12d4a3dd4e68e0b79ceb8dbc84173ae80d91ca44"
  integrity sha1-EtSj3U5o4Lec6428hBc66A2RykQ=

isomorphic-fetch@2.2.1:
  version "2.2.1"
  resolved "https://registry.npm.taobao.org/isomorphic-fetch/download/isomorphic-fetch-2.2.1.tgz#611ae1acf14f5e81f729507472819fe9733558a9"
  integrity sha1-YRrhrPFPXoH3KVB0coGf6XM1WKk=
  dependencies:
    node-fetch "^1.0.1"
    whatwg-fetch ">=0.10.0"

lodash.camelcase@^4.3.0:
  version "4.3.0"
  resolved "https://registry.npm.taobao.org/lodash.camelcase/download/lodash.camelcase-4.3.0.tgz#b28aa6288a2b9fc651035c7711f65ab6190331a6"
  integrity sha1-soqmKIorn8ZRA1x3EfZathkDMaY=

long@^4.0.0:
  version "4.0.0"
  resolved "https://registry.npm.taobao.org/long/download/long-4.0.0.tgz#9a7b71cfb7d361a194ea555241c92f7468d5bf28"
  integrity sha1-mntxz7fTYaGU6lVSQckvdGjVvyg=

lru-cache@^5.1.1:
  version "5.1.1"
  resolved "https://registry.npm.taobao.org/lru-cache/download/lru-cache-5.1.1.tgz#1da27e6710271947695daf6848e847f01d84b920"
  integrity sha1-HaJ+ZxAnGUdpXa9oSOhH8B2EuSA=
  dependencies:
    yallist "^3.0.2"

ms@2.0.0:
  version "2.0.0"
  resolved "https://registry.npm.taobao.org/ms/download/ms-2.0.0.tgz#5608aeadfc00be6c2901df5f9861788de0d597c8"
  integrity sha1-VgiurfwAvmwpAd9fmGF4jeDVl8g=

node-fetch@^1.0.1:
  version "1.7.3"
  resolved "https://registry.npm.taobao.org/node-fetch/download/node-fetch-1.7.3.tgz?cache=0&sync_timestamp=1584166549447&other_urls=https%3A%2F%2Fregistry.npm.taobao.org%2Fnode-fetch%2Fdownload%2Fnode-fetch-1.7.3.tgz#980f6f72d85211a5347c6b2bc18c5b84c3eb47ef"
  integrity sha1-mA9vcthSEaU0fGsrwYxbhMPrR+8=
  dependencies:
    encoding "^0.1.11"
    is-stream "^1.0.1"

promise-polyfill@8.1.3:
  version "8.1.3"
  resolved "https://registry.npm.taobao.org/promise-polyfill/download/promise-polyfill-8.1.3.tgz#8c99b3cf53f3a91c68226ffde7bde81d7f904116"
  integrity sha1-jJmzz1PzqRxoIm/9573oHX+QQRY=

protobufjs@^6.8.6:
  version "6.8.9"
  resolved "https://registry.npm.taobao.org/protobufjs/download/protobufjs-6.8.9.tgz?cache=0&sync_timestamp=1583953649103&other_urls=https%3A%2F%2Fregistry.npm.taobao.org%2Fprotobufjs%2Fdownload%2Fprotobufjs-6.8.9.tgz#0b1adbcdaa983d369c3d9108a97c814edc030754"
  integrity sha1-CxrbzaqYPTacPZEIqXyBTtwDB1Q=
  dependencies:
    "@protobufjs/aspromise" "^1.1.2"
    "@protobufjs/base64" "^1.1.2"
    "@protobufjs/codegen" "^2.0.4"
    "@protobufjs/eventemitter" "^1.1.0"
    "@protobufjs/fetch" "^1.1.0"
    "@protobufjs/float" "^1.0.2"
    "@protobufjs/inquire" "^1.1.0"
    "@protobufjs/path" "^1.1.2"
    "@protobufjs/pool" "^1.1.0"
    "@protobufjs/utf8" "^1.1.0"
    "@types/long" "^4.0.0"
    "@types/node" "^10.1.0"
    long "^4.0.0"

safe-buffer@>=5.1.0:
  version "5.2.0"
  resolved "https://registry.npm.taobao.org/safe-buffer/download/safe-buffer-5.2.0.tgz#b74daec49b1148f88c64b68d49b1e815c1f2f519"
  integrity sha1-t02uxJsRSPiMZLaNSbHoFcHy9Rk=

"safer-buffer@>= 2.1.2 < 3":
  version "2.1.2"
  resolved "https://registry.npm.taobao.org/safer-buffer/download/safer-buffer-2.1.2.tgz#44fa161b0187b9549dd84bb91802f9bd8385cd6a"
  integrity sha1-RPoWGwGHuVSd2Eu5GAL5vYOFzWo=

semver@^6.2.0:
  version "6.3.0"
  resolved "https://registry.npm.taobao.org/semver/download/semver-6.3.0.tgz?cache=0&sync_timestamp=1586216978170&other_urls=https%3A%2F%2Fregistry.npm.taobao.org%2Fsemver%2Fdownload%2Fsemver-6.3.0.tgz#ee0a64c8af5e8ceea67687b133761e1becbd1d3d"
  integrity sha1-7gpkyK9ejO6mdoexM3YeG+y9HT0=

tslib@1.11.1:
  version "1.11.1"
  resolved "https://registry.npm.taobao.org/tslib/download/tslib-1.11.1.tgz#eb15d128827fbee2841549e171f45ed338ac7e35"
  integrity sha1-6xXRKIJ/vuKEFUnhcfRe0zisfjU=

vue-router@^3.1.6:
  version "3.1.6"
  resolved "https://registry.npm.taobao.org/vue-router/download/vue-router-3.1.6.tgz?cache=0&sync_timestamp=1586343646335&other_urls=https%3A%2F%2Fregistry.npm.taobao.org%2Fvue-router%2Fdownload%2Fvue-router-3.1.6.tgz#45f5a3a3843e31702c061dd829393554e4328f89"
  integrity sha1-RfWjo4Q+MXAsBh3YKTk1VOQyj4k=

vue@^2.6.11:
  version "2.6.11"
  resolved "https://registry.npm.taobao.org/vue/download/vue-2.6.11.tgz#76594d877d4b12234406e84e35275c6d514125c5"
  integrity sha1-dllNh31LEiNEBuhONSdcbVFBJcU=

vuex-router-sync@^5.0.0:
  version "5.0.0"
  resolved "https://registry.npm.taobao.org/vuex-router-sync/download/vuex-router-sync-5.0.0.tgz#1a225c17a1dd9e2f74af0a1b2c62072e9492b305"
  integrity sha1-GiJcF6Hdni90rwobLGIHLpSSswU=

vuex@^3.1.3:
  version "3.1.3"
  resolved "https://registry.npm.taobao.org/vuex/download/vuex-3.1.3.tgz?cache=0&sync_timestamp=1584268844296&other_urls=https%3A%2F%2Fregistry.npm.taobao.org%2Fvuex%2Fdownload%2Fvuex-3.1.3.tgz#f2ad73e3fb73691698b38c93f66e58e267947180"
  integrity sha1-8q1z4/tzaRaYs4yT9m5Y4meUcYA=

websocket-driver@>=0.5.1:
  version "0.7.3"
  resolved "https://registry.npm.taobao.org/websocket-driver/download/websocket-driver-0.7.3.tgz#a2d4e0d4f4f116f1e6297eba58b05d430100e9f9"
  integrity sha1-otTg1PTxFvHmKX66WLBdQwEA6fk=
  dependencies:
    http-parser-js ">=0.4.0 <0.4.11"
    safe-buffer ">=5.1.0"
    websocket-extensions ">=0.1.1"

websocket-extensions@>=0.1.1:
  version "0.1.3"
  resolved "https://registry.npm.taobao.org/websocket-extensions/download/websocket-extensions-0.1.3.tgz#5d2ff22977003ec687a4b87073dfbbac146ccf29"
  integrity sha1-XS/yKXcAPsaHpLhwc9+7rBRszyk=

whatwg-fetch@2.0.4:
  version "2.0.4"
  resolved "https://registry.npm.taobao.org/whatwg-fetch/download/whatwg-fetch-2.0.4.tgz#dde6a5df315f9d39991aa17621853d720b85566f"
  integrity sha1-3eal3zFfnTmZGqF2IYU9cguFVm8=

whatwg-fetch@>=0.10.0:
  version "3.0.0"
  resolved "https://registry.npm.taobao.org/whatwg-fetch/download/whatwg-fetch-3.0.0.tgz#fc804e458cc460009b1a2b966bc8817d2578aefb"
  integrity sha1-/IBORYzEYACbGiuWa8iBfSV4rvs=

xmlhttprequest@1.8.0:
  version "1.8.0"
  resolved "https://registry.npm.taobao.org/xmlhttprequest/download/xmlhttprequest-1.8.0.tgz#67fe075c5c24fef39f9d65f5f7b7fe75171968fc"
  integrity sha1-Z/4HXFwk/vOfnWX197f+dRcZaPw=

yallist@^3.0.2:
  version "3.1.1"
  resolved "https://registry.npm.taobao.org/yallist/download/yallist-3.1.1.tgz#dbb7daf9bfd8bac9ab45ebf602b8cbad0d5d08fd"
  integrity sha1-27fa+b/YusmrRev2ArjLrQ1dCP0=
